
Microsoft Visual Studio Solution File, Format Version 12.00
# Visual Studio Version 16
VisualStudioVersion = 16.0.29306.81
MinimumVisualStudioVersion = 10.0.40219.1
Project("{FAE04EC0-301F-11D3-BF4B-00C04F79EFBC}") = "CA190920", "CA190920\CA190920.csproj", "{49CDFE92-E8C9-43EB-AF9F-F9D506F56F09}"
EndProject
Global
	GlobalSection(SolutionConfigurationPlatforms) = preSolution
		Debug|Any CPU = Debug|Any CPU
		Release|Any CPU = Release|Any CPU
	EndGlobalSection
	GlobalSection(ProjectConfigurationPlatforms) = postSolution
		{49CDFE92-E8C9-43EB-AF9F-F9D506F56F09}.Debug|Any CPU.ActiveCfg = Debug|Any CPU
		{49CDFE92-E8C9-43EB-AF9F-F9D506F56F09}.Debug|Any CPU.Build.0 = Debug|Any CPU
		{49CDFE92-E8C9-43EB-AF9F-F9D506F56F09}.Release|Any CPU.ActiveCfg = Release|Any CPU
		{49CDFE92-E8C9-43EB-AF9F-F9D506F56F09}.Release|Any CPU.Build.0 = Release|Any CPU
	EndGlobalSection
	GlobalSection(SolutionProperties) = preSolution
		HideSolutionNode = FALSE
	EndGlobalSection
	GlobalSection(ExtensibilityGlobals) = postSolution
		SolutionGuid = {1D469C0C-BF6B-471B-ADCE-C8D1A50419C2}
	EndGlobalSection
EndGlobal
